// !$*UTF8*$!
{
	archiveVersion = 1;
	classes = {
	};
	objectVersion = 46;
	objects = {

/* Begin PBXBuildFile section */
		0954E6351ECCBA4D004FC03E /* LSNewsCategory.m in Sources */ = {isa = PBXBuildFile; fileRef = 0954E6321ECCBA4D004FC03E /* LSNewsCategory.m */; };
		0954E6361ECCBA4E004FC03E /* LSNewsItem.m in Sources */ = {isa = PBXBuildFile; fileRef = 0954E6341ECCBA4D004FC03E /* LSNewsItem.m */; };
		0954E63F1ECCBADA004FC03E /* business.jpg in Resources */ = {isa = PBXBuildFile; fileRef = 0954E6381ECCBADA004FC03E /* business.jpg */; };
		0954E6401ECCBADA004FC03E /* favorites.jpeg in Resources */ = {isa = PBXBuildFile; fileRef = 0954E6391ECCBADA004FC03E /* favorites.jpeg */; };
		0954E6411ECCBADA004FC03E /* jobmarket.jpeg in Resources */ = {isa = PBXBuildFile; fileRef = 0954E63A1ECCBADA004FC03E /* jobmarket.jpeg */; };
		0954E6421ECCBADA004FC03E /* placeholder.png in Resources */ = {isa = PBXBuildFile; fileRef = 0954E63B1ECCBADA004FC03E /* placeholder.png */; };
		0954E6431ECCBADA004FC03E /* technology.png in Resources */ = {isa = PBXBuildFile; fileRef = 0954E63C1ECCBADA004FC03E /* technology.png */; };
		0954E6441ECCBADA004FC03E /* travel.jpg in Resources */ = {isa = PBXBuildFile; fileRef = 0954E63D1ECCBADA004FC03E /* travel.jpg */; };
		0954E6451ECCBADA004FC03E /* world.png in Resources */ = {isa = PBXBuildFile; fileRef = 0954E63E1ECCBADA004FC03E /* world.png */; };
		0954E6481ECCBB35004FC03E /* LSCategoriesViewController.m in Sources */ = {isa = PBXBuildFile; fileRef = 0954E6471ECCBB35004FC03E /* LSCategoriesViewController.m */; };
		1F5968BF1ECCB6C3005786F1 /* main.m in Sources */ = {isa = PBXBuildFile; fileRef = 1F5968BE1ECCB6C3005786F1 /* main.m */; };
		1F5968C21ECCB6C3005786F1 /* AppDelegate.m in Sources */ = {isa = PBXBuildFile; fileRef = 1F5968C11ECCB6C3005786F1 /* AppDelegate.m */; };
		1F5968C81ECCB6C3005786F1 /* Main.storyboard in Resources */ = {isa = PBXBuildFile; fileRef = 1F5968C61ECCB6C3005786F1 /* Main.storyboard */; };
		1F5968CA1ECCB6C3005786F1 /* Assets.xcassets in Resources */ = {isa = PBXBuildFile; fileRef = 1F5968C91ECCB6C3005786F1 /* Assets.xcassets */; };
		1F5968CD1ECCB6C3005786F1 /* LaunchScreen.storyboard in Resources */ = {isa = PBXBuildFile; fileRef = 1F5968CB1ECCB6C3005786F1 /* LaunchScreen.storyboard */; };
		BDE18B23164E6BB8435BB121 /* libPods-NYTimesTest.a in Frameworks */ = {isa = PBXBuildFile; fileRef = CD88EC3D5AC0DF5C5CCBDA4C /* libPods-NYTimesTest.a */; };
		FA0BE0D01ECCC1AD00272105 /* LSNewsListViewController.m in Sources */ = {isa = PBXBuildFile; fileRef = FA0BE0CF1ECCC1AD00272105 /* LSNewsListViewController.m */; };
		FA0BE0D31ECCC38000272105 /* LSDataProvider.m in Sources */ = {isa = PBXBuildFile; fileRef = FA0BE0D21ECCC38000272105 /* LSDataProvider.m */; };
/* End PBXBuildFile section */

/* Begin PBXFileReference section */
		0954E6311ECCBA4D004FC03E /* LSNewsCategory.h */ = {isa = PBXFileReference; fileEncoding = 4; lastKnownFileType = sourcecode.c.h; path = LSNewsCategory.h; sourceTree = "<group>"; };
		0954E6321ECCBA4D004FC03E /* LSNewsCategory.m */ = {isa = PBXFileReference; fileEncoding = 4; lastKnownFileType = sourcecode.c.objc; path = LSNewsCategory.m; sourceTree = "<group>"; };
		0954E6331ECCBA4D004FC03E /* LSNewsItem.h */ = {isa = PBXFileReference; fileEncoding = 4; lastKnownFileType = sourcecode.c.h; path = LSNewsItem.h; sourceTree = "<group>"; };
		0954E6341ECCBA4D004FC03E /* LSNewsItem.m */ = {isa = PBXFileReference; fileEncoding = 4; lastKnownFileType = sourcecode.c.objc; path = LSNewsItem.m; sourceTree = "<group>"; };
		0954E6381ECCBADA004FC03E /* business.jpg */ = {isa = PBXFileReference; lastKnownFileType = image.jpeg; path = business.jpg; sourceTree = "<group>"; };
		0954E6391ECCBADA004FC03E /* favorites.jpeg */ = {isa = PBXFileReference; lastKnownFileType = image.jpeg; path = favorites.jpeg; sourceTree = "<group>"; };
		0954E63A1ECCBADA004FC03E /* jobmarket.jpeg */ = {isa = PBXFileReference; lastKnownFileType = image.jpeg; path = jobmarket.jpeg; sourceTree = "<group>"; };
		0954E63B1ECCBADA004FC03E /* placeholder.png */ = {isa = PBXFileReference; lastKnownFileType = image.png; path = placeholder.png; sourceTree = "<group>"; };
		0954E63C1ECCBADA004FC03E /* technology.png */ = {isa = PBXFileReference; lastKnownFileType = image.png; path = technology.png; sourceTree = "<group>"; };
		0954E63D1ECCBADA004FC03E /* travel.jpg */ = {isa = PBXFileReference; lastKnownFileType = image.jpeg; path = travel.jpg; sourceTree = "<group>"; };
		0954E63E1ECCBADA004FC03E /* world.png */ = {isa = PBXFileReference; lastKnownFileType = image.png; path = world.png; sourceTree = "<group>"; };
		0954E6461ECCBB35004FC03E /* LSCategoriesViewController.h */ = {isa = PBXFileReference; fileEncoding = 4; lastKnownFileType = sourcecode.c.h; path = LSCategoriesViewController.h; sourceTree = "<group>"; };
		0954E6471ECCBB35004FC03E /* LSCategoriesViewController.m */ = {isa = PBXFileReference; fileEncoding = 4; lastKnownFileType = sourcecode.c.objc; path = LSCategoriesViewController.m; sourceTree = "<group>"; };
		1F5968BA1ECCB6C3005786F1 /* NYTimesTest.app */ = {isa = PBXFileReference; explicitFileType = wrapper.application; includeInIndex = 0; path = NYTimesTest.app; sourceTree = BUILT_PRODUCTS_DIR; };
		1F5968BE1ECCB6C3005786F1 /* main.m */ = {isa = PBXFileReference; lastKnownFileType = sourcecode.c.objc; path = main.m; sourceTree = "<group>"; };
		1F5968C01ECCB6C3005786F1 /* AppDelegate.h */ = {isa = PBXFileReference; lastKnownFileType = sourcecode.c.h; path = AppDelegate.h; sourceTree = "<group>"; };
		1F5968C11ECCB6C3005786F1 /* AppDelegate.m */ = {isa = PBXFileReference; lastKnownFileType = sourcecode.c.objc; path = AppDelegate.m; sourceTree = "<group>"; };
		1F5968C71ECCB6C3005786F1 /* Base */ = {isa = PBXFileReference; lastKnownFileType = file.storyboard; name = Base; path = Base.lproj/Main.storyboard; sourceTree = "<group>"; };
		1F5968C91ECCB6C3005786F1 /* Assets.xcassets */ = {isa = PBXFileReference; lastKnownFileType = folder.assetcatalog; path = Assets.xcassets; sourceTree = "<group>"; };
		1F5968CC1ECCB6C3005786F1 /* Base */ = {isa = PBXFileReference; lastKnownFileType = file.storyboard; name = Base; path = Base.lproj/LaunchScreen.storyboard; sourceTree = "<group>"; };
		1F5968CE1ECCB6C3005786F1 /* Info.plist */ = {isa = PBXFileReference; lastKnownFileType = text.plist.xml; path = Info.plist; sourceTree = "<group>"; };
		2F669D4ECE4809D95E2D1E55 /* Pods-NYTimesTest.debug.xcconfig */ = {isa = PBXFileReference; includeInIndex = 1; lastKnownFileType = text.xcconfig; name = "Pods-NYTimesTest.debug.xcconfig"; path = "Pods/Target Support Files/Pods-NYTimesTest/Pods-NYTimesTest.debug.xcconfig"; sourceTree = "<group>"; };
		B158A64E555D67A48F42C9EA /* Pods-NYTimesTest.release.xcconfig */ = {isa = PBXFileReference; includeInIndex = 1; lastKnownFileType = text.xcconfig; name = "Pods-NYTimesTest.release.xcconfig"; path = "Pods/Target Support Files/Pods-NYTimesTest/Pods-NYTimesTest.release.xcconfig"; sourceTree = "<group>"; };
		CD88EC3D5AC0DF5C5CCBDA4C /* libPods-NYTimesTest.a */ = {isa = PBXFileReference; explicitFileType = archive.ar; includeInIndex = 0; path = "libPods-NYTimesTest.a"; sourceTree = BUILT_PRODUCTS_DIR; };
		FA0BE0CE1ECCC1AD00272105 /* LSNewsListViewController.h */ = {isa = PBXFileReference; fileEncoding = 4; lastKnownFileType = sourcecode.c.h; path = LSNewsListViewController.h; sourceTree = "<group>"; };
		FA0BE0CF1ECCC1AD00272105 /* LSNewsListViewController.m */ = {isa = PBXFileReference; fileEncoding = 4; lastKnownFileType = sourcecode.c.objc; path = LSNewsListViewController.m; sourceTree = "<group>"; };
		FA0BE0D11ECCC38000272105 /* LSDataProvider.h */ = {isa = PBXFileReference; fileEncoding = 4; lastKnownFileType = sourcecode.c.h; path = LSDataProvider.h; sourceTree = "<group>"; };
		FA0BE0D21ECCC38000272105 /* LSDataProvider.m */ = {isa = PBXFileReference; fileEncoding = 4; lastKnownFileType = sourcecode.c.objc; path = LSDataProvider.m; sourceTree = "<group>"; };
/* End PBXFileReference section */

/* Begin PBXFrameworksBuildPhase section */
		1F5968B71ECCB6C2005786F1 /* Frameworks */ = {
			isa = PBXFrameworksBuildPhase;
			buildActionMask = 2147483647;
			files = (
				BDE18B23164E6BB8435BB121 /* libPods-NYTimesTest.a in Frameworks */,
			);
			runOnlyForDeploymentPostprocessing = 0;
		};
/* End PBXFrameworksBuildPhase section */

/* Begin PBXGroup section */
		0954E6371ECCBAA2004FC03E /* Images */ = {
			isa = PBXGroup;
			children = (
				0954E6381ECCBADA004FC03E /* business.jpg */,
				0954E6391ECCBADA004FC03E /* favorites.jpeg */,
				0954E63A1ECCBADA004FC03E /* jobmarket.jpeg */,
				0954E63B1ECCBADA004FC03E /* placeholder.png */,
				0954E63C1ECCBADA004FC03E /* technology.png */,
				0954E63D1ECCBADA004FC03E /* travel.jpg */,
				0954E63E1ECCBADA004FC03E /* world.png */,
			);
			name = Images;
			sourceTree = "<group>";
		};
		1F5968B11ECCB6C2005786F1 = {
			isa = PBXGroup;
			children = (
				1F5968BC1ECCB6C3005786F1 /* NYTimesTest */,
				1F5968BB1ECCB6C3005786F1 /* Products */,
				C60C949E3B135A4F28098382 /* Pods */,
				6B1F77934464472781FC9FAB /* Frameworks */,
			);
			sourceTree = "<group>";
		};
		1F5968BB1ECCB6C3005786F1 /* Products */ = {
			isa = PBXGroup;
			children = (
				1F5968BA1ECCB6C3005786F1 /* NYTimesTest.app */,
			);
			name = Products;
			sourceTree = "<group>";
		};
		1F5968BC1ECCB6C3005786F1 /* NYTimesTest */ = {
			isa = PBXGroup;
			children = (
				0954E6371ECCBAA2004FC03E /* Images */,
				1F5968D61ECCB705005786F1 /* Modules */,
				1F5968D51ECCB6E5005786F1 /* AppFiles */,
				1F5968D41ECCB6D5005786F1 /* Models */,
				1F5968BD1ECCB6C3005786F1 /* Supporting Files */,
			);
			path = NYTimesTest;
			sourceTree = "<group>";
		};
		1F5968BD1ECCB6C3005786F1 /* Supporting Files */ = {
			isa = PBXGroup;
			children = (
			);
			name = "Supporting Files";
			sourceTree = "<group>";
		};
		1F5968D41ECCB6D5005786F1 /* Models */ = {
			isa = PBXGroup;
			children = (
				FA0BE0D11ECCC38000272105 /* LSDataProvider.h */,
				FA0BE0D21ECCC38000272105 /* LSDataProvider.m */,
				0954E6311ECCBA4D004FC03E /* LSNewsCategory.h */,
				0954E6321ECCBA4D004FC03E /* LSNewsCategory.m */,
				1F5968BE1ECCB6C3005786F1 /* main.m */,
				0954E6331ECCBA4D004FC03E /* LSNewsItem.h */,
				0954E6341ECCBA4D004FC03E /* LSNewsItem.m */,
			);
			name = Models;
			sourceTree = "<group>";
		};
		1F5968D51ECCB6E5005786F1 /* AppFiles */ = {
			isa = PBXGroup;
			children = (
				1F5968C01ECCB6C3005786F1 /* AppDelegate.h */,
				1F5968C11ECCB6C3005786F1 /* AppDelegate.m */,
				1F5968C61ECCB6C3005786F1 /* Main.storyboard */,
				1F5968C91ECCB6C3005786F1 /* Assets.xcassets */,
				1F5968CB1ECCB6C3005786F1 /* LaunchScreen.storyboard */,
				1F5968CE1ECCB6C3005786F1 /* Info.plist */,
			);
			name = AppFiles;
			sourceTree = "<group>";
		};
		1F5968D61ECCB705005786F1 /* Modules */ = {
			isa = PBXGroup;
			children = (
				0954E6461ECCBB35004FC03E /* LSCategoriesViewController.h */,
				0954E6471ECCBB35004FC03E /* LSCategoriesViewController.m */,
				FA0BE0CE1ECCC1AD00272105 /* LSNewsListViewController.h */,
				FA0BE0CF1ECCC1AD00272105 /* LSNewsListViewController.m */,
			);
			name = Modules;
			sourceTree = "<group>";
		};
		6B1F77934464472781FC9FAB /* Frameworks */ = {
			isa = PBXGroup;
			children = (
				CD88EC3D5AC0DF5C5CCBDA4C /* libPods-NYTimesTest.a */,
			);
			name = Frameworks;
			sourceTree = "<group>";
		};
		C60C949E3B135A4F28098382 /* Pods */ = {
			isa = PBXGroup;
			children = (
				2F669D4ECE4809D95E2D1E55 /* Pods-NYTimesTest.debug.xcconfig */,
				B158A64E555D67A48F42C9EA /* Pods-NYTimesTest.release.xcconfig */,
			);
			name = Pods;
			sourceTree = "<group>";
		};
/* End PBXGroup section */

/* Begin PBXNativeTarget section */
		1F5968B91ECCB6C2005786F1 /* NYTimesTest */ = {
			isa = PBXNativeTarget;
			buildConfigurationList = 1F5968D11ECCB6C3005786F1 /* Build configuration list for PBXNativeTarget "NYTimesTest" */;
			buildPhases = (
				77D1204AFAA91AFA42615C85 /* 📦 Check Pods Manifest.lock */,
				1F5968B61ECCB6C2005786F1 /* Sources */,
				1F5968B71ECCB6C2005786F1 /* Frameworks */,
				1F5968B81ECCB6C2005786F1 /* Resources */,
				28C59ED038AAABBFD94F7533 /* 📦 Embed Pods Frameworks */,
				A0C1A7BCCC707371E81F0CA4 /* 📦 Copy Pods Resources */,
			);
			buildRules = (
			);
			dependencies = (
			);
			name = NYTimesTest;
			productName = NYTimesTest;
			productReference = 1F5968BA1ECCB6C3005786F1 /* NYTimesTest.app */;
			productType = "com.apple.product-type.application";
		};
/* End PBXNativeTarget section */

/* Begin PBXProject section */
		1F5968B21ECCB6C2005786F1 /* Project object */ = {
			isa = PBXProject;
			attributes = {
				LastUpgradeCheck = 0820;
				ORGANIZATIONNAME = "Sasha Haidar";
				TargetAttributes = {
					1F5968B91ECCB6C2005786F1 = {
						CreatedOnToolsVersion = 8.2.1;
						ProvisioningStyle = Automatic;
					};
				};
			};
			buildConfigurationList = 1F5968B51ECCB6C2005786F1 /* Build configuration list for PBXProject "NYTimesTest" */;
			compatibilityVersion = "Xcode 3.2";
			developmentRegion = English;
			hasScannedForEncodings = 0;
			knownRegions = (
				en,
				Base,
			);
			mainGroup = 1F5968B11ECCB6C2005786F1;
			productRefGroup = 1F5968BB1ECCB6C3005786F1 /* Products */;
			projectDirPath = "";
			projectRoot = "";
			targets = (
				1F5968B91ECCB6C2005786F1 /* NYTimesTest */,
			);
		};
/* End PBXProject section */

/* Begin PBXResourcesBuildPhase section */
		1F5968B81ECCB6C2005786F1 /* Resources */ = {
			isa = PBXResourcesBuildPhase;
			buildActionMask = 2147483647;
			files = (
				1F5968CD1ECCB6C3005786F1 /* LaunchScreen.storyboard in Resources */,
				1F5968CA1ECCB6C3005786F1 /* Assets.xcassets in Resources */,
				0954E6441ECCBADA004FC03E /* travel.jpg in Resources */,
				1F5968C81ECCB6C3005786F1 /* Main.storyboard in Resources */,
				0954E6411ECCBADA004FC03E /* jobmarket.jpeg in Resources */,
				0954E6421ECCBADA004FC03E /* placeholder.png in Resources */,
				0954E6451ECCBADA004FC03E /* world.png in Resources */,
				0954E6431ECCBADA004FC03E /* technology.png in Resources */,
				0954E63F1ECCBADA004FC03E /* business.jpg in Resources */,
				0954E6401ECCBADA004FC03E /* favorites.jpeg in Resources */,
			);
			runOnlyForDeploymentPostprocessing = 0;
		};
/* End PBXResourcesBuildPhase section */

/* Begin PBXShellScriptBuildPhase section */
		28C59ED038AAABBFD94F7533 /* 📦 Embed Pods Frameworks */ = {
			isa = PBXShellScriptBuildPhase;
			buildActionMask = 2147483647;
			files = (
			);
			inputPaths = (
			);
			name = "📦 Embed Pods Frameworks";
			outputPaths = (
			);
			runOnlyForDeploymentPostprocessing = 0;
			shellPath = /bin/sh;
			shellScript = "\"${SRCROOT}/Pods/Target Support Files/Pods-NYTimesTest/Pods-NYTimesTest-frameworks.sh\"\n";
			showEnvVarsInLog = 0;
		};
		77D1204AFAA91AFA42615C85 /* 📦 Check Pods Manifest.lock */ = {
			isa = PBXShellScriptBuildPhase;
			buildActionMask = 2147483647;
			files = (
			);
			inputPaths = (
			);
			name = "📦 Check Pods Manifest.lock";
			outputPaths = (
			);
			runOnlyForDeploymentPostprocessing = 0;
			shellPath = /bin/sh;
			shellScript = "diff \"${PODS_ROOT}/../Podfile.lock\" \"${PODS_ROOT}/Manifest.lock\" > /dev/null\nif [[ $? != 0 ]] ; then\n    cat << EOM\nerror: The sandbox is not in sync with the Podfile.lock. Run 'pod install' or update your CocoaPods installation.\nEOM\n    exit 1\nfi\n";
			showEnvVarsInLog = 0;
		};
		A0C1A7BCCC707371E81F0CA4 /* 📦 Copy Pods Resources */ = {
			isa = PBXShellScriptBuildPhase;
			buildActionMask = 2147483647;
			files = (
			);
			inputPaths = (
			);
			name = "📦 Copy Pods Resources";
			outputPaths = (
			);
			runOnlyForDeploymentPostprocessing = 0;
			shellPath = /bin/sh;
			shellScript = "\"${SRCROOT}/Pods/Target Support Files/Pods-NYTimesTest/Pods-NYTimesTest-resources.sh\"\n";
			showEnvVarsInLog = 0;
		};
/* End PBXShellScriptBuildPhase section */

/* Begin PBXSourcesBuildPhase section */
		1F5968B61ECCB6C2005786F1 /* Sources */ = {
			isa = PBXSourcesBuildPhase;
			buildActionMask = 2147483647;
			files = (
				1F5968C21ECCB6C3005786F1 /* AppDelegate.m in Sources */,
				0954E6351ECCBA4D004FC03E /* LSNewsCategory.m in Sources */,
				0954E6361ECCBA4E004FC03E /* LSNewsItem.m in Sources */,
				0954E6481ECCBB35004FC03E /* LSCategoriesViewController.m in Sources */,
				FA0BE0D31ECCC38000272105 /* LSDataProvider.m in Sources */,
				FA0BE0D01ECCC1AD00272105 /* LSNewsListViewController.m in Sources */,
				1F5968BF1ECCB6C3005786F1 /* main.m in Sources */,
			);
			runOnlyForDeploymentPostprocessing = 0;
		};
/* End PBXSourcesBuildPhase section */

/* Begin PBXVariantGroup section */
		1F5968C61ECCB6C3005786F1 /* Main.storyboard */ = {
			isa = PBXVariantGroup;
			children = (
				1F5968C71ECCB6C3005786F1 /* Base */,
			);
			name = Main.storyboard;
			sourceTree = "<group>";
		};
		1F5968CB1ECCB6C3005786F1 /* LaunchScreen.storyboard */ = {
			isa = PBXVariantGroup;
			children = (
				1F5968CC1ECCB6C3005786F1 /* Base */,
			);
			name = LaunchScreen.storyboard;
			sourceTree = "<group>";
		};
/* End PBXVariantGroup section */

/* Begin XCBuildConfiguration section */
		1F5968CF1ECCB6C3005786F1 /* Debug */ = {
			isa = XCBuildConfiguration;
			buildSettings = {
				ALWAYS_SEARCH_USER_PATHS = NO;
				CLANG_ANALYZER_NONNULL = YES;
				CLANG_CXX_LANGUAGE_STANDARD = "gnu++0x";
				CLANG_CXX_LIBRARY = "libc++";
				CLANG_ENABLE_MODULES = YES;
				CLANG_ENABLE_OBJC_ARC = YES;
				CLANG_WARN_BOOL_CONVERSION = YES;
				CLANG_WARN_CONSTANT_CONVERSION = YES;
				CLANG_WARN_DIRECT_OBJC_ISA_USAGE = YES_ERROR;
				CLANG_WARN_DOCUMENTATION_COMMENTS = YES;
				CLANG_WARN_EMPTY_BODY = YES;
				CLANG_WARN_ENUM_CONVERSION = YES;
				CLANG_WARN_INFINITE_RECURSION = YES;
				CLANG_WARN_INT_CONVERSION = YES;
				CLANG_WARN_OBJC_ROOT_CLASS = YES_ERROR;
				CLANG_WARN_SUSPICIOUS_MOVE = YES;
				CLANG_WARN_UNREACHABLE_CODE = YES;
				CLANG_WARN__DUPLICATE_METHOD_MATCH = YES;
				"CODE_SIGN_IDENTITY[sdk=iphoneos*]" = "iPhone Developer";
				COPY_PHASE_STRIP = NO;
				DEBUG_INFORMATION_FORMAT = dwarf;
				ENABLE_STRICT_OBJC_MSGSEND = YES;
				ENABLE_TESTABILITY = YES;
				GCC_C_LANGUAGE_STANDARD = gnu99;
				GCC_DYNAMIC_NO_PIC = NO;
				GCC_NO_COMMON_BLOCKS = YES;
				GCC_OPTIMIZATION_LEVEL = 0;
				GCC_PREPROCESSOR_DEFINITIONS = (
					"DEBUG=1",
					"$(inherited)",
				);
				GCC_WARN_64_TO_32_BIT_CONVERSION = YES;
				GCC_WARN_ABOUT_RETURN_TYPE = YES_ERROR;
				GCC_WARN_UNDECLARED_SELECTOR = YES;
				GCC_WARN_UNINITIALIZED_AUTOS = YES_AGGRESSIVE;
				GCC_WARN_UNUSED_FUNCTION = YES;
				GCC_WARN_UNUSED_VARIABLE = YES;
				IPHONEOS_DEPLOYMENT_TARGET = 10.2;
				MTL_ENABLE_DEBUG_INFO = YES;
				ONLY_ACTIVE_ARCH = YES;
				SDKROOT = iphoneos;
			};
			name = Debug;
		};
		1F5968D01ECCB6C3005786F1 /* Release */ = {
			isa = XCBuildConfiguration;
			buildSettings = {
				ALWAYS_SEARCH_USER_PATHS = NO;
				CLANG_ANALYZER_NONNULL = YES;
				CLANG_CXX_LANGUAGE_STANDARD = "gnu++0x";
				CLANG_CXX_LIBRARY = "libc++";
				CLANG_ENABLE_MODULES = YES;
				CLANG_ENABLE_OBJC_ARC = YES;
				CLANG_WARN_BOOL_CONVERSION = YES;
				CLANG_WARN_CONSTANT_CONVERSION = YES;
				CLANG_WARN_DIRECT_OBJC_ISA_USAGE = YES_ERROR;
				CLANG_WARN_DOCUMENTATION_COMMENTS = YES;
				CLANG_WARN_EMPTY_BODY = YES;
				CLANG_WARN_ENUM_CONVERSION = YES;
				CLANG_WARN_INFINITE_RECURSION = YES;
				CLANG_WARN_INT_CONVERSION = YES;
				CLANG_WARN_OBJC_ROOT_CLASS = YES_ERROR;
				CLANG_WARN_SUSPICIOUS_MOVE = YES;
				CLANG_WARN_UNREACHABLE_CODE = YES;
				CLANG_WARN__DUPLICATE_METHOD_MATCH = YES;
				"CODE_SIGN_IDENTITY[sdk=iphoneos*]" = "iPhone Developer";
				COPY_PHASE_STRIP = NO;
				DEBUG_INFORMATION_FORMAT = "dwarf-with-dsym";
				ENABLE_NS_ASSERTIONS = NO;
				ENABLE_STRICT_OBJC_MSGSEND = YES;
				GCC_C_LANGUAGE_STANDARD = gnu99;
				GCC_NO_COMMON_BLOCKS = YES;
				GCC_WARN_64_TO_32_BIT_CONVERSION = YES;
				GCC_WARN_ABOUT_RETURN_TYPE = YES_ERROR;
				GCC_WARN_UNDECLARED_SELECTOR = YES;
				GCC_WARN_UNINITIALIZED_AUTOS = YES_AGGRESSIVE;
				GCC_WARN_UNUSED_FUNCTION = YES;
				GCC_WARN_UNUSED_VARIABLE = YES;
				IPHONEOS_DEPLOYMENT_TARGET = 10.2;
				MTL_ENABLE_DEBUG_INFO = NO;
				SDKROOT = iphoneos;
				VALIDATE_PRODUCT = YES;
			};
			name = Release;
		};
		1F5968D21ECCB6C3005786F1 /* Debug */ = {
			isa = XCBuildConfiguration;
			baseConfigurationReference = 2F669D4ECE4809D95E2D1E55 /* Pods-NYTimesTest.debug.xcconfig */;
			buildSettings = {
				ASSETCATALOG_COMPILER_APPICON_NAME = AppIcon;
				INFOPLIST_FILE = NYTimesTest/Info.plist;
				LD_RUNPATH_SEARCH_PATHS = "$(inherited) @executable_path/Frameworks";
				PRODUCT_BUNDLE_IDENTIFIER = com.aleksandr.NYTimesTest;
				PRODUCT_NAME = "$(TARGET_NAME)";
			};
			name = Debug;
		};
		1F5968D31ECCB6C3005786F1 /* Release */ = {
			isa = XCBuildConfiguration;
			baseConfigurationReference = B158A64E555D67A48F42C9EA /* Pods-NYTimesTest.release.xcconfig */;
			buildSettings = {
				ASSETCATALOG_COMPILER_APPICON_NAME = AppIcon;
				INFOPLIST_FILE = NYTimesTest/Info.plist;
				LD_RUNPATH_SEARCH_PATHS = "$(inherited) @executable_path/Frameworks";
				PRODUCT_BUNDLE_IDENTIFIER = com.aleksandr.NYTimesTest;
				PRODUCT_NAME = "$(TARGET_NAME)";
			};
			name = Release;
		};
/* End XCBuildConfiguration section */

/* Begin XCConfigurationList section */
		1F5968B51ECCB6C2005786F1 /* Build configuration list for PBXProject "NYTimesTest" */ = {
			isa = XCConfigurationList;
			buildConfigurations = (
				1F5968CF1ECCB6C3005786F1 /* Debug */,
				1F5968D01ECCB6C3005786F1 /* Release */,
			);
			defaultConfigurationIsVisible = 0;
			defaultConfigurationName = Release;
		};
		1F5968D11ECCB6C3005786F1 /* Build configuration list for PBXNativeTarget "NYTimesTest" */ = {
			isa = XCConfigurationList;
			buildConfigurations = (
				1F5968D21ECCB6C3005786F1 /* Debug */,
				1F5968D31ECCB6C3005786F1 /* Release */,
			);
			defaultConfigurationIsVisible = 0;
			defaultConfigurationName = Release;
		};
/* End XCConfigurationList section */
	};
	rootObject = 1F5968B21ECCB6C2005786F1 /* Project object */;
}
